// !$*UTF8*$!
{
	archiveVersion = 1;
	classes = {
	};
	objectVersion = 77;
	objects = {

/* Begin PBXContainerItemProxy section */
		D4E1D3502EA5B44700C64932 /* PBXContainerItemProxy */ = {
			isa = PBXContainerItemProxy;
			containerPortal = D4E1D3392EA5B44500C64932 /* Project object */;
			proxyType = 1;
			remoteGlobalIDString = D4E1D3402EA5B44500C64932;
			remoteInfo = Midterm_DaveNorvall;
		};
		D4E1D35A2EA5B44700C64932 /* PBXContainerItemProxy */ = {
			isa = PBXContainerItemProxy;
			containerPortal = D4E1D3392EA5B44500C64932 /* Project object */;
			proxyType = 1;
			remoteGlobalIDString = D4E1D3402EA5B44500C64932;
			remoteInfo = Midterm_DaveNorvall;
		};
/* End PBXContainerItemProxy section */

/* Begin PBXFileReference section */
		D4E1D3412EA5B44500C64932 /* Midterm_DaveNorvall.app */ = {isa = PBXFileReference; explicitFileType = wrapper.application; includeInIndex = 0; path = Midterm_DaveNorvall.app; sourceTree = BUILT_PRODUCTS_DIR; };
		D4E1D34F2EA5B44700C64932 /* Midterm_DaveNorvallTests.xctest */ = {isa = PBXFileReference; explicitFileType = wrapper.cfbundle; includeInIndex = 0; path = Midterm_DaveNorvallTests.xctest; sourceTree = BUILT_PRODUCTS_DIR; };
		D4E1D3592EA5B44700C64932 /* Midterm_DaveNorvallUITests.xctest */ = {isa = PBXFileReference; explicitFileType = wrapper.cfbundle; includeInIndex = 0; path = Midterm_DaveNorvallUITests.xctest; sourceTree = BUILT_PRODUCTS_DIR; };
/* End PBXFileReference section */

/* Begin PBXFileSystemSynchronizedBuildFileExceptionSet section */
		D4E1D3762EA5B48A00C64932 /* Exceptions for "Midterm_DaveNorvall" folder in "Midterm_DaveNorvallUITests" target */ = {
			isa = PBXFileSystemSynchronizedBuildFileExceptionSet;
			membershipExceptions = (
				data.json,
				Helper.swift,
				Subject.swift,
			);
			target = D4E1D3582EA5B44700C64932 /* Midterm_DaveNorvallUITests */;
		};
/* End PBXFileSystemSynchronizedBuildFileExceptionSet section */

/* Begin PBXFileSystemSynchronizedRootGroup section */
		D4E1D3432EA5B44500C64932 /* Midterm_DaveNorvall */ = {
			isa = PBXFileSystemSynchronizedRootGroup;
			exceptions = (
				D4E1D3762EA5B48A00C64932 /* Exceptions for "Midterm_DaveNorvall" folder in "Midterm_DaveNorvallUITests" target */,
			);
			path = Midterm_DaveNorvall;
			sourceTree = "<group>";
		};
		D4E1D3522EA5B44700C64932 /* Midterm_DaveNorvallTests */ = {
			isa = PBXFileSystemSynchronizedRootGroup;
			path = Midterm_DaveNorvallTests;
			sourceTree = "<group>";
		};
		D4E1D35C2EA5B44700C64932 /* Midterm_DaveNorvallUITests */ = {
			isa = PBXFileSystemSynchronizedRootGroup;
			path = Midterm_DaveNorvallUITests;
			sourceTree = "<group>";
		};
/* End PBXFileSystemSynchronizedRootGroup section */

/* Begin PBXFrameworksBuildPhase section */
		D4E1D33E2EA5B44500C64932 /* Frameworks */ = {
			isa = PBXFrameworksBuildPhase;
			buildActionMask = 2147483647;
			files = (
			);
			runOnlyForDeploymentPostprocessing = 0;
		};
		D4E1D34C2EA5B44700C64932 /* Frameworks */ = {
			isa = PBXFrameworksBuildPhase;
			buildActionMask = 2147483647;
			files = (
			);
			runOnlyForDeploymentPostprocessing = 0;
		};
		D4E1D3562EA5B44700C64932 /* Frameworks */ = {
			isa = PBXFrameworksBuildPhase;
			buildActionMask = 2147483647;
			files = (
			);
			runOnlyForDeploymentPostprocessing = 0;
		};
/* End PBXFrameworksBuildPhase section */

/* Begin PBXGroup section */
		D4E1D3382EA5B44500C64932 = {
			isa = PBXGroup;
			children = (
				D4E1D3432EA5B44500C64932 /* Midterm_DaveNorvall */,
				D4E1D3522EA5B44700C64932 /* Midterm_DaveNorvallTests */,
				D4E1D35C2EA5B44700C64932 /* Midterm_DaveNorvallUITests */,
				D4E1D3422EA5B44500C64932 /* Products */,
			);
			sourceTree = "<group>";
		};
		D4E1D3422EA5B44500C64932 /* Products */ = {
			isa = PBXGroup;
			children = (
				D4E1D3412EA5B44500C64932 /* Midterm_DaveNorvall.app */,
				D4E1D34F2EA5B44700C64932 /* Midterm_DaveNorvallTests.xctest */,
				D4E1D3592EA5B44700C64932 /* Midterm_DaveNorvallUITests.xctest */,
			);
			name = Products;
			sourceTree = "<group>";
		};
/* End PBXGroup section */

/* Begin PBXNativeTarget section */
		D4E1D3402EA5B44500C64932 /* Midterm_DaveNorvall */ = {
			isa = PBXNativeTarget;
			buildConfigurationList = D4E1D3632EA5B44700C64932 /* Build configuration list for PBXNativeTarget "Midterm_DaveNorvall" */;
			buildPhases = (
				D4E1D33D2EA5B44500C64932 /* Sources */,
				D4E1D33E2EA5B44500C64932 /* Frameworks */,
				D4E1D33F2EA5B44500C64932 /* Resources */,
			);
			buildRules = (
			);
			dependencies = (
			);
			fileSystemSynchronizedGroups = (
				D4E1D3432EA5B44500C64932 /* Midterm_DaveNorvall */,
			);
			name = Midterm_DaveNorvall;
			packageProductDependencies = (
			);
			productName = Midterm_DaveNorvall;
			productReference = D4E1D3412EA5B44500C64932 /* Midterm_DaveNorvall.app */;
			productType = "com.apple.product-type.application";
		};
		D4E1D34E2EA5B44700C64932 /* Midterm_DaveNorvallTests */ = {
			isa = PBXNativeTarget;
			buildConfigurationList = D4E1D3662EA5B44700C64932 /* Build configuration list for PBXNativeTarget "Midterm_DaveNorvallTests" */;
			buildPhases = (
				D4E1D34B2EA5B44700C64932 /* Sources */,
				D4E1D34C2EA5B44700C64932 /* Frameworks */,
				D4E1D34D2EA5B44700C64932 /* Resources */,
			);
			buildRules = (
			);
			dependencies = (
				D4E1D3512EA5B44700C64932 /* PBXTargetDependency */,
			);
			fileSystemSynchronizedGroups = (
				D4E1D3522EA5B44700C64932 /* Midterm_DaveNorvallTests */,
			);
			name = Midterm_DaveNorvallTests;
			packageProductDependencies = (
			);
			productName = Midterm_DaveNorvallTests;
			productReference = D4E1D34F2EA5B44700C64932 /* Midterm_DaveNorvallTests.xctest */;
			productType = "com.apple.product-type.bundle.unit-test";
		};
		D4E1D3582EA5B44700C64932 /* Midterm_DaveNorvallUITests */ = {
			isa = PBXNativeTarget;
			buildConfigurationList = D4E1D3692EA5B44700C64932 /* Build configuration list for PBXNativeTarget "Midterm_DaveNorvallUITests" */;
			buildPhases = (
				D4E1D3552EA5B44700C64932 /* Sources */,
				D4E1D3562EA5B44700C64932 /* Frameworks */,
				D4E1D3572EA5B44700C64932 /* Resources */,
			);
			buildRules = (
			);
			dependencies = (
				D4E1D35B2EA5B44700C64932 /* PBXTargetDependency */,
			);
			fileSystemSynchronizedGroups = (
				D4E1D35C2EA5B44700C64932 /* Midterm_DaveNorvallUITests */,
			);
			name = Midterm_DaveNorvallUITests;
			packageProductDependencies = (
			);
			productName = Midterm_DaveNorvallUITests;
			productReference = D4E1D3592EA5B44700C64932 /* Midterm_DaveNorvallUITests.xctest */;
			productType = "com.apple.product-type.bundle.ui-testing";
		};
/* End PBXNativeTarget section */

/* Begin PBXProject section */
		D4E1D3392EA5B44500C64932 /* Project object */ = {
			isa = PBXProject;
			attributes = {
				BuildIndependentTargetsInParallel = 1;
				LastSwiftUpdateCheck = 1640;
				LastUpgradeCheck = 1640;
				TargetAttributes = {
					D4E1D3402EA5B44500C64932 = {
						CreatedOnToolsVersion = 16.4;
					};
					D4E1D34E2EA5B44700C64932 = {
						CreatedOnToolsVersion = 16.4;
						TestTargetID = D4E1D3402EA5B44500C64932;
					};
					D4E1D3582EA5B44700C64932 = {
						CreatedOnToolsVersion = 16.4;
						TestTargetID = D4E1D3402EA5B44500C64932;
					};
				};
			};
			buildConfigurationList = D4E1D33C2EA5B44500C64932 /* Build configuration list for PBXProject "Midterm_DaveNorvall" */;
			developmentRegion = en;
			hasScannedForEncodings = 0;
			knownRegions = (
				en,
				Base,
			);
			mainGroup = D4E1D3382EA5B44500C64932;
			minimizedProjectReferenceProxies = 1;
			preferredProjectObjectVersion = 77;
			productRefGroup = D4E1D3422EA5B44500C64932 /* Products */;
			projectDirPath = "";
			projectRoot = "";
			targets = (
				D4E1D3402EA5B44500C64932 /* Midterm_DaveNorvall */,
				D4E1D34E2EA5B44700C64932 /* Midterm_DaveNorvallTests */,
				D4E1D3582EA5B44700C64932 /* Midterm_DaveNorvallUITests */,
			);
		};
/* End PBXProject section */

/* Begin PBXResourcesBuildPhase section */
		D4E1D33F2EA5B44500C64932 /* Resources */ = {
			isa = PBXResourcesBuildPhase;
			buildActionMask = 2147483647;
			files = (
			);
			runOnlyForDeploymentPostprocessing = 0;
		};
		D4E1D34D2EA5B44700C64932 /* Resources */ = {
			isa = PBXResourcesBuildPhase;
			buildActionMask = 2147483647;
			files = (
			);
			runOnlyForDeploymentPostprocessing = 0;
		};
		D4E1D3572EA5B44700C64932 /* Resources */ = {
			isa = PBXResourcesBuildPhase;
			buildActionMask = 2147483647;
			files = (
			);
			runOnlyForDeploymentPostprocessing = 0;
		};
/* End PBXResourcesBuildPhase section */

/* Begin PBXSourcesBuildPhase section */
		D4E1D33D2EA5B44500C64932 /* Sources */ = {
			isa = PBXSourcesBuildPhase;
			buildActionMask = 2147483647;
			files = (
			);
			runOnlyForDeploymentPostprocessing = 0;
		};
		D4E1D34B2EA5B44700C64932 /* Sources */ = {
			isa = PBXSourcesBuildPhase;
			buildActionMask = 2147483647;
			files = (
			);
			runOnlyForDeploymentPostprocessing = 0;
		};
		D4E1D3552EA5B44700C64932 /* Sources */ = {
			isa = PBXSourcesBuildPhase;
			buildActionMask = 2147483647;
			files = (
			);
			runOnlyForDeploymentPostprocessing = 0;
		};
/* End PBXSourcesBuildPhase section */

/* Begin PBXTargetDependency section */
		D4E1D3512EA5B44700C64932 /* PBXTargetDependency */ = {
			isa = PBXTargetDependency;
			target = D4E1D3402EA5B44500C64932 /* Midterm_DaveNorvall */;
			targetProxy = D4E1D3502EA5B44700C64932 /* PBXContainerItemProxy */;
		};
		D4E1D35B2EA5B44700C64932 /* PBXTargetDependency */ = {
			isa = PBXTargetDependency;
			target = D4E1D3402EA5B44500C64932 /* Midterm_DaveNorvall */;
			targetProxy = D4E1D35A2EA5B44700C64932 /* PBXContainerItemProxy */;
		};
/* End PBXTargetDependency section */

/* Begin XCBuildConfiguration section */
		D4E1D3612EA5B44700C64932 /* Debug */ = {
			isa = XCBuildConfiguration;
			buildSettings = {
				ALWAYS_SEARCH_USER_PATHS = NO;
				ASSETCATALOG_COMPILER_GENERATE_SWIFT_ASSET_SYMBOL_EXTENSIONS = YES;
				CLANG_ANALYZER_NONNULL = YES;
				CLANG_ANALYZER_NUMBER_OBJECT_CONVERSION = YES_AGGRESSIVE;
				CLANG_CXX_LANGUAGE_STANDARD = "gnu++20";
				CLANG_ENABLE_MODULES = YES;
				CLANG_ENABLE_OBJC_ARC = YES;
				CLANG_ENABLE_OBJC_WEAK = YES;
				CLANG_WARN_BLOCK_CAPTURE_AUTORELEASING = YES;
				CLANG_WARN_BOOL_CONVERSION = YES;
				CLANG_WARN_COMMA = YES;
				CLANG_WARN_CONSTANT_CONVERSION = YES;
				CLANG_WARN_DEPRECATED_OBJC_IMPLEMENTATIONS = YES;
				CLANG_WARN_DIRECT_OBJC_ISA_USAGE = YES_ERROR;
				CLANG_WARN_DOCUMENTATION_COMMENTS = YES;
				CLANG_WARN_EMPTY_BODY = YES;
				CLANG_WARN_ENUM_CONVERSION = YES;
				CLANG_WARN_INFINITE_RECURSION = YES;
				CLANG_WARN_INT_CONVERSION = YES;
				CLANG_WARN_NON_LITERAL_NULL_CONVERSION = YES;
				CLANG_WARN_OBJC_IMPLICIT_RETAIN_SELF = YES;
				CLANG_WARN_OBJC_LITERAL_CONVERSION = YES;
				CLANG_WARN_OBJC_ROOT_CLASS = YES_ERROR;
				CLANG_WARN_QUOTED_INCLUDE_IN_FRAMEWORK_HEADER = YES;
				CLANG_WARN_RANGE_LOOP_ANALYSIS = YES;
				CLANG_WARN_STRICT_PROTOTYPES = YES;
				CLANG_WARN_SUSPICIOUS_MOVE = YES;
				CLANG_WARN_UNGUARDED_AVAILABILITY = YES_AGGRESSIVE;
				CLANG_WARN_UNREACHABLE_CODE = YES;
				CLANG_WARN__DUPLICATE_METHOD_MATCH = YES;
				COPY_PHASE_STRIP = NO;
				DEBUG_INFORMATION_FORMAT = dwarf;
				DEVELOPMENT_TEAM = QQGMGK7T7A;
				ENABLE_STRICT_OBJC_MSGSEND = YES;
				ENABLE_TESTABILITY = YES;
				ENABLE_USER_SCRIPT_SANDBOXING = YES;
				GCC_C_LANGUAGE_STANDARD = gnu17;
				GCC_DYNAMIC_NO_PIC = NO;
				GCC_NO_COMMON_BLOCKS = YES;
				GCC_OPTIMIZATION_LEVEL = 0;
				GCC_PREPROCESSOR_DEFINITIONS = (
					"DEBUG=1",
					"$(inherited)",
				);
				GCC_WARN_64_TO_32_BIT_CONVERSION = YES;
				GCC_WARN_ABOUT_RETURN_TYPE = YES_ERROR;
				GCC_WARN_UNDECLARED_SELECTOR = YES;
				GCC_WARN_UNINITIALIZED_AUTOS = YES_AGGRESSIVE;
				GCC_WARN_UNUSED_FUNCTION = YES;
				GCC_WARN_UNUSED_VARIABLE = YES;
				LOCALIZATION_PREFERS_STRING_CATALOGS = YES;
				MTL_ENABLE_DEBUG_INFO = INCLUDE_SOURCE;
				MTL_FAST_MATH = YES;
				ONLY_ACTIVE_ARCH = YES;
				SWIFT_ACTIVE_COMPILATION_CONDITIONS = "DEBUG $(inherited)";
				SWIFT_OPTIMIZATION_LEVEL = "-Onone";
			};
			name = Debug;
		};
		D4E1D3622EA5B44700C64932 /* Release */ = {
			isa = XCBuildConfiguration;
			buildSettings = {
				ALWAYS_SEARCH_USER_PATHS = NO;
				ASSETCATALOG_COMPILER_GENERATE_SWIFT_ASSET_SYMBOL_EXTENSIONS = YES;
				CLANG_ANALYZER_NONNULL = YES;
				CLANG_ANALYZER_NUMBER_OBJECT_CONVERSION = YES_AGGRESSIVE;
				CLANG_CXX_LANGUAGE_STANDARD = "gnu++20";
				CLANG_ENABLE_MODULES = YES;
				CLANG_ENABLE_OBJC_ARC = YES;
				CLANG_ENABLE_OBJC_WEAK = YES;
				CLANG_WARN_BLOCK_CAPTURE_AUTORELEASING = YES;
				CLANG_WARN_BOOL_CONVERSION = YES;
				CLANG_WARN_COMMA = YES;
				CLANG_WARN_CONSTANT_CONVERSION = YES;
				CLANG_WARN_DEPRECATED_OBJC_IMPLEMENTATIONS = YES;
				CLANG_WARN_DIRECT_OBJC_ISA_USAGE = YES_ERROR;
				CLANG_WARN_DOCUMENTATION_COMMENTS = YES;
				CLANG_WARN_EMPTY_BODY = YES;
				CLANG_WARN_ENUM_CONVERSION = YES;
				CLANG_WARN_INFINITE_RECURSION = YES;
				CLANG_WARN_INT_CONVERSION = YES;
				CLANG_WARN_NON_LITERAL_NULL_CONVERSION = YES;
				CLANG_WARN_OBJC_IMPLICIT_RETAIN_SELF = YES;
				CLANG_WARN_OBJC_LITERAL_CONVERSION = YES;
				CLANG_WARN_OBJC_ROOT_CLASS = YES_ERROR;
				CLANG_WARN_QUOTED_INCLUDE_IN_FRAMEWORK_HEADER = YES;
				CLANG_WARN_RANGE_LOOP_ANALYSIS = YES;
				CLANG_WARN_STRICT_PROTOTYPES = YES;
				CLANG_WARN_SUSPICIOUS_MOVE = YES;
				CLANG_WARN_UNGUARDED_AVAILABILITY = YES_AGGRESSIVE;
				CLANG_WARN_UNREACHABLE_CODE = YES;
				CLANG_WARN__DUPLICATE_METHOD_MATCH = YES;
				COPY_PHASE_STRIP = NO;
				DEBUG_INFORMATION_FORMAT = "dwarf-with-dsym";
				DEVELOPMENT_TEAM = QQGMGK7T7A;
				ENABLE_NS_ASSERTIONS = NO;
				ENABLE_STRICT_OBJC_MSGSEND = YES;
				ENABLE_USER_SCRIPT_SANDBOXING = YES;
				GCC_C_LANGUAGE_STANDARD = gnu17;
				GCC_NO_COMMON_BLOCKS = YES;
				GCC_WARN_64_TO_32_BIT_CONVERSION = YES;
				GCC_WARN_ABOUT_RETURN_TYPE = YES_ERROR;
				GCC_WARN_UNDECLARED_SELECTOR = YES;
				GCC_WARN_UNINITIALIZED_AUTOS = YES_AGGRESSIVE;
				GCC_WARN_UNUSED_FUNCTION = YES;
				GCC_WARN_UNUSED_VARIABLE = YES;
				LOCALIZATION_PREFERS_STRING_CATALOGS = YES;
				MTL_ENABLE_DEBUG_INFO = NO;
				MTL_FAST_MATH = YES;
				SWIFT_COMPILATION_MODE = wholemodule;
			};
			name = Release;
		};
		D4E1D3642EA5B44700C64932 /* Debug */ = {
			isa = XCBuildConfiguration;
			buildSettings = {
				ASSETCATALOG_COMPILER_APPICON_NAME = AppIcon;
				ASSETCATALOG_COMPILER_GLOBAL_ACCENT_COLOR_NAME = AccentColor;
				CODE_SIGN_ENTITLEMENTS = Midterm_DaveNorvall/Midterm_DaveNorvall.entitlements;
				CODE_SIGN_STYLE = Automatic;
				CURRENT_PROJECT_VERSION = 1;
				DEVELOPMENT_TEAM = QQGMGK7T7A;
				ENABLE_HARDENED_RUNTIME = YES;
				ENABLE_PREVIEWS = YES;
				GENERATE_INFOPLIST_FILE = YES;
				"INFOPLIST_KEY_UIApplicationSceneManifest_Generation[sdk=iphoneos*]" = YES;
				"INFOPLIST_KEY_UIApplicationSceneManifest_Generation[sdk=iphonesimulator*]" = YES;
				"INFOPLIST_KEY_UIApplicationSupportsIndirectInputEvents[sdk=iphoneos*]" = YES;
				"INFOPLIST_KEY_UIApplicationSupportsIndirectInputEvents[sdk=iphonesimulator*]" = YES;
				"INFOPLIST_KEY_UILaunchScreen_Generation[sdk=iphoneos*]" = YES;
				"INFOPLIST_KEY_UILaunchScreen_Generation[sdk=iphonesimulator*]" = YES;
				"INFOPLIST_KEY_UIStatusBarStyle[sdk=iphoneos*]" = UIStatusBarStyleDefault;
				"INFOPLIST_KEY_UIStatusBarStyle[sdk=iphonesimulator*]" = UIStatusBarStyleDefault;
				INFOPLIST_KEY_UISupportedInterfaceOrientations_iPad = "UIInterfaceOrientationPortrait UIInterfaceOrientationPortraitUpsideDown UIInterfaceOrientationLandscapeLeft UIInterfaceOrientationLandscapeRight";
				INFOPLIST_KEY_UISupportedInterfaceOrientations_iPhone = "UIInterfaceOrientationPortrait UIInterfaceOrientationLandscapeLeft UIInterfaceOrientationLandscapeRight";
				IPHONEOS_DEPLOYMENT_TARGET = 18.5;
				LD_RUNPATH_SEARCH_PATHS = "@executable_path/Frameworks";
				"LD_RUNPATH_SEARCH_PATHS[sdk=macosx*]" = "@executable_path/../Frameworks";
				MACOSX_DEPLOYMENT_TARGET = 15.5;
				MARKETING_VERSION = 1.0;
				PRODUCT_BUNDLE_IDENTIFIER = "com.norvdave.application.Midterm-DaveNorvall";
				PRODUCT_NAME = "$(TARGET_NAME)";
				REGISTER_APP_GROUPS = YES;
				SDKROOT = auto;
				SUPPORTED_PLATFORMS = "iphoneos iphonesimulator macosx xros xrsimulator";
				SWIFT_EMIT_LOC_STRINGS = YES;
				SWIFT_VERSION = 5.0;
				TARGETED_DEVICE_FAMILY = "1,2,7";
				XROS_DEPLOYMENT_TARGET = 2.5;
			};
			name = Debug;
		};
		D4E1D3652EA5B44700C64932 /* Release */ = {
			isa = XCBuildConfiguration;
			buildSettings = {
				ASSETCATALOG_COMPILER_APPICON_NAME = AppIcon;
				ASSETCATALOG_COMPILER_GLOBAL_ACCENT_COLOR_NAME = AccentColor;
				CODE_SIGN_ENTITLEMENTS = Midterm_DaveNorvall/Midterm_DaveNorvall.entitlements;
				CODE_SIGN_STYLE = Automatic;
				CURRENT_PROJECT_VERSION = 1;
				DEVELOPMENT_TEAM = QQGMGK7T7A;
				ENABLE_HARDENED_RUNTIME = YES;
				ENABLE_PREVIEWS = YES;
				GENERATE_INFOPLIST_FILE = YES;
				"INFOPLIST_KEY_UIApplicationSceneManifest_Generation[sdk=iphoneos*]" = YES;
				"INFOPLIST_KEY_UIApplicationSceneManifest_Generation[sdk=iphonesimulator*]" = YES;
				"INFOPLIST_KEY_UIApplicationSupportsIndirectInputEvents[sdk=iphoneos*]" = YES;
				"INFOPLIST_KEY_UIApplicationSupportsIndirectInputEvents[sdk=iphonesimulator*]" = YES;
				"INFOPLIST_KEY_UILaunchScreen_Generation[sdk=iphoneos*]" = YES;
				"INFOPLIST_KEY_UILaunchScreen_Generation[sdk=iphonesimulator*]" = YES;
				"INFOPLIST_KEY_UIStatusBarStyle[sdk=iphoneos*]" = UIStatusBarStyleDefault;
				"INFOPLIST_KEY_UIStatusBarStyle[sdk=iphonesimulator*]" = UIStatusBarStyleDefault;
				INFOPLIST_KEY_UISupportedInterfaceOrientations_iPad = "UIInterfaceOrientationPortrait UIInterfaceOrientationPortraitUpsideDown UIInterfaceOrientationLandscapeLeft UIInterfaceOrientationLandscapeRight";
				INFOPLIST_KEY_UISupportedInterfaceOrientations_iPhone = "UIInterfaceOrientationPortrait UIInterfaceOrientationLandscapeLeft UIInterfaceOrientationLandscapeRight";
				IPHONEOS_DEPLOYMENT_TARGET = 18.5;
				LD_RUNPATH_SEARCH_PATHS = "@executable_path/Frameworks";
				"LD_RUNPATH_SEARCH_PATHS[sdk=macosx*]" = "@executable_path/../Frameworks";
				MACOSX_DEPLOYMENT_TARGET = 15.5;
				MARKETING_VERSION = 1.0;
				PRODUCT_BUNDLE_IDENTIFIER = "com.norvdave.application.Midterm-DaveNorvall";
				PRODUCT_NAME = "$(TARGET_NAME)";
				REGISTER_APP_GROUPS = YES;
				SDKROOT = auto;
				SUPPORTED_PLATFORMS = "iphoneos iphonesimulator macosx xros xrsimulator";
				SWIFT_EMIT_LOC_STRINGS = YES;
				SWIFT_VERSION = 5.0;
				TARGETED_DEVICE_FAMILY = "1,2,7";
				XROS_DEPLOYMENT_TARGET = 2.5;
			};
			name = Release;
		};
		D4E1D3672EA5B44700C64932 /* Debug */ = {
			isa = XCBuildConfiguration;
			buildSettings = {
				BUNDLE_LOADER = "$(TEST_HOST)";
				CODE_SIGN_STYLE = Automatic;
				CURRENT_PROJECT_VERSION = 1;
				DEVELOPMENT_TEAM = QQGMGK7T7A;
				GENERATE_INFOPLIST_FILE = YES;
				IPHONEOS_DEPLOYMENT_TARGET = 18.5;
				MACOSX_DEPLOYMENT_TARGET = 15.5;
				MARKETING_VERSION = 1.0;
				PRODUCT_BUNDLE_IDENTIFIER = "com.norvdave.application.Midterm-DaveNorvallTests";
				PRODUCT_NAME = "$(TARGET_NAME)";
				SDKROOT = auto;
				SUPPORTED_PLATFORMS = "iphoneos iphonesimulator macosx xros xrsimulator";
				SWIFT_EMIT_LOC_STRINGS = NO;
				SWIFT_VERSION = 5.0;
				TARGETED_DEVICE_FAMILY = "1,2,7";
				TEST_HOST = "$(BUILT_PRODUCTS_DIR)/Midterm_DaveNorvall.app/$(BUNDLE_EXECUTABLE_FOLDER_PATH)/Midterm_DaveNorvall";
				XROS_DEPLOYMENT_TARGET = 2.5;
			};
			name = Debug;
		};
		D4E1D3682EA5B44700C64932 /* Release */ = {
			isa = XCBuildConfiguration;
			buildSettings = {
				BUNDLE_LOADER = "$(TEST_HOST)";
				CODE_SIGN_STYLE = Automatic;
				CURRENT_PROJECT_VERSION = 1;
				DEVELOPMENT_TEAM = QQGMGK7T7A;
				GENERATE_INFOPLIST_FILE = YES;
				IPHONEOS_DEPLOYMENT_TARGET = 18.5;
				MACOSX_DEPLOYMENT_TARGET = 15.5;
				MARKETING_VERSION = 1.0;
				PRODUCT_BUNDLE_IDENTIFIER = "com.norvdave.application.Midterm-DaveNorvallTests";
				PRODUCT_NAME = "$(TARGET_NAME)";
				SDKROOT = auto;
				SUPPORTED_PLATFORMS = "iphoneos iphonesimulator macosx xros xrsimulator";
				SWIFT_EMIT_LOC_STRINGS = NO;
				SWIFT_VERSION = 5.0;
				TARGETED_DEVICE_FAMILY = "1,2,7";
				TEST_HOST = "$(BUILT_PRODUCTS_DIR)/Midterm_DaveNorvall.app/$(BUNDLE_EXECUTABLE_FOLDER_PATH)/Midterm_DaveNorvall";
				XROS_DEPLOYMENT_TARGET = 2.5;
			};
			name = Release;
		};
		D4E1D36A2EA5B44700C64932 /* Debug */ = {
			isa = XCBuildConfiguration;
			buildSettings = {
				CODE_SIGN_STYLE = Automatic;
				CURRENT_PROJECT_VERSION = 1;
				DEVELOPMENT_TEAM = QQGMGK7T7A;
				GENERATE_INFOPLIST_FILE = YES;
				IPHONEOS_DEPLOYMENT_TARGET = 18.5;
				MACOSX_DEPLOYMENT_TARGET = 15.5;
				MARKETING_VERSION = 1.0;
				PRODUCT_BUNDLE_IDENTIFIER = "com.norvdave.application.Midterm-DaveNorvallUITests";
				PRODUCT_NAME = "$(TARGET_NAME)";
				SDKROOT = auto;
				SUPPORTED_PLATFORMS = "iphoneos iphonesimulator macosx xros xrsimulator";
				SWIFT_EMIT_LOC_STRINGS = NO;
				SWIFT_VERSION = 5.0;
				TARGETED_DEVICE_FAMILY = "1,2,7";
				TEST_TARGET_NAME = Midterm_DaveNorvall;
				XROS_DEPLOYMENT_TARGET = 2.5;
			};
			name = Debug;
		};
		D4E1D36B2EA5B44700C64932 /* Release */ = {
			isa = XCBuildConfiguration;
			buildSettings = {
				CODE_SIGN_STYLE = Automatic;
				CURRENT_PROJECT_VERSION = 1;
				DEVELOPMENT_TEAM = QQGMGK7T7A;
				GENERATE_INFOPLIST_FILE = YES;
				IPHONEOS_DEPLOYMENT_TARGET = 18.5;
				MACOSX_DEPLOYMENT_TARGET = 15.5;
				MARKETING_VERSION = 1.0;
				PRODUCT_BUNDLE_IDENTIFIER = "com.norvdave.application.Midterm-DaveNorvallUITests";
				PRODUCT_NAME = "$(TARGET_NAME)";
				SDKROOT = auto;
				SUPPORTED_PLATFORMS = "iphoneos iphonesimulator macosx xros xrsimulator";
				SWIFT_EMIT_LOC_STRINGS = NO;
				SWIFT_VERSION = 5.0;
				TARGETED_DEVICE_FAMILY = "1,2,7";
				TEST_TARGET_NAME = Midterm_DaveNorvall;
				XROS_DEPLOYMENT_TARGET = 2.5;
			};
			name = Release;
		};
/* End XCBuildConfiguration section */

/* Begin XCConfigurationList section */
		D4E1D33C2EA5B44500C64932 /* Build configuration list for PBXProject "Midterm_DaveNorvall" */ = {
			isa = XCConfigurationList;
			buildConfigurations = (
				D4E1D3612EA5B44700C64932 /* Debug */,
				D4E1D3622EA5B44700C64932 /* Release */,
			);
			defaultConfigurationIsVisible = 0;
			defaultConfigurationName = Release;
		};
		D4E1D3632EA5B44700C64932 /* Build configuration list for PBXNativeTarget "Midterm_DaveNorvall" */ = {
			isa = XCConfigurationList;
			buildConfigurations = (
				D4E1D3642EA5B44700C64932 /* Debug */,
				D4E1D3652EA5B44700C64932 /* Release */,
			);
			defaultConfigurationIsVisible = 0;
			defaultConfigurationName = Release;
		};
		D4E1D3662EA5B44700C64932 /* Build configuration list for PBXNativeTarget "Midterm_DaveNorvallTests" */ = {
			isa = XCConfigurationList;
			buildConfigurations = (
				D4E1D3672EA5B44700C64932 /* Debug */,
				D4E1D3682EA5B44700C64932 /* Release */,
			);
			defaultConfigurationIsVisible = 0;
			defaultConfigurationName = Release;
		};
		D4E1D3692EA5B44700C64932 /* Build configuration list for PBXNativeTarget "Midterm_DaveNorvallUITests" */ = {
			isa = XCConfigurationList;
			buildConfigurations = (
				D4E1D36A2EA5B44700C64932 /* Debug */,
				D4E1D36B2EA5B44700C64932 /* Release */,
			);
			defaultConfigurationIsVisible = 0;
			defaultConfigurationName = Release;
		};
/* End XCConfigurationList section */
	};
	rootObject = D4E1D3392EA5B44500C64932 /* Project object */;
}
